
Microsoft Visual Studio Solution File, Format Version 12.00
# Visual Studio Version 17
VisualStudioVersion = 17.10.35122.118
MinimumVisualStudioVersion = 10.0.40219.1
Project("{FAE04EC0-301F-11D3-BF4B-00C04F79EFBC}") = "Farmacia +vida", "Farmacia +vida\Farmacia +vida.csproj", "{C006F10C-1263-483C-9D40-1800ADBBBB9B}"
EndProject
Global
	GlobalSection(SolutionConfigurationPlatforms) = preSolution
		Debug|Any CPU = Debug|Any CPU
		Release|Any CPU = Release|Any CPU
	EndGlobalSection
	GlobalSection(ProjectConfigurationPlatforms) = postSolution
		{C006F10C-1263-483C-9D40-1800ADBBBB9B}.Debug|Any CPU.ActiveCfg = Debug|Any CPU
		{C006F10C-1263-483C-9D40-1800ADBBBB9B}.Debug|Any CPU.Build.0 = Debug|Any CPU
		{C006F10C-1263-483C-9D40-1800ADBBBB9B}.Release|Any CPU.ActiveCfg = Release|Any CPU
		{C006F10C-1263-483C-9D40-1800ADBBBB9B}.Release|Any CPU.Build.0 = Release|Any CPU
	EndGlobalSection
	GlobalSection(SolutionProperties) = preSolution
		HideSolutionNode = FALSE
	EndGlobalSection
	GlobalSection(ExtensibilityGlobals) = postSolution
		SolutionGuid = {90A86816-26CE-4A7A-A3E8-F8DE67295703}
	EndGlobalSection
EndGlobal
